
Microsoft Visual Studio Solution File, Format Version 12.00
Project("{F2A71F9B-5D33-465A-A702-920D77279786}") = "Assignment_2", "Assignment_2\Assignment_2.fsproj", "{8DF7E18E-446F-43B2-990D-2E2C18FC864A}"
EndProject
Project("{F2A71F9B-5D33-465A-A702-920D77279786}") = "ConsoleApp1", "ConsoleApp1\ConsoleApp1.fsproj", "{5B4426DC-BBE6-4008-8ED4-CC80AE81CD5F}"
EndProject
Global
	GlobalSection(SolutionConfigurationPlatforms) = preSolution
		Debug|Any CPU = Debug|Any CPU
		Release|Any CPU = Release|Any CPU
	EndGlobalSection
	GlobalSection(ProjectConfigurationPlatforms) = postSolution
		{8DF7E18E-446F-43B2-990D-2E2C18FC864A}.Debug|Any CPU.ActiveCfg = Debug|Any CPU
		{8DF7E18E-446F-43B2-990D-2E2C18FC864A}.Debug|Any CPU.Build.0 = Debug|Any CPU
		{8DF7E18E-446F-43B2-990D-2E2C18FC864A}.Release|Any CPU.ActiveCfg = Release|Any CPU
		{8DF7E18E-446F-43B2-990D-2E2C18FC864A}.Release|Any CPU.Build.0 = Release|Any CPU
		{5B4426DC-BBE6-4008-8ED4-CC80AE81CD5F}.Debug|Any CPU.ActiveCfg = Debug|Any CPU
		{5B4426DC-BBE6-4008-8ED4-CC80AE81CD5F}.Debug|Any CPU.Build.0 = Debug|Any CPU
		{5B4426DC-BBE6-4008-8ED4-CC80AE81CD5F}.Release|Any CPU.ActiveCfg = Release|Any CPU
		{5B4426DC-BBE6-4008-8ED4-CC80AE81CD5F}.Release|Any CPU.Build.0 = Release|Any CPU
	EndGlobalSection
EndGlobal
